
Microsoft Visual Studio Solution File, Format Version 12.00
# Visual Studio 14
VisualStudioVersion = 14.0.25420.1
MinimumVisualStudioVersion = 10.0.40219.1
Project("{2150E333-8FDC-42A3-9474-1A3956D46DE8}") = "src", "src", "{A9AF3201-1EEB-4920-B7C0-C69E60293EED}"
EndProject
Project("{2150E333-8FDC-42A3-9474-1A3956D46DE8}") = "Solution Items", "Solution Items", "{F0C68841-1DE6-47E2-9A73-48963542D5BC}"
	ProjectSection(SolutionItems) = preProject
		global.json = global.json
	EndProjectSection
EndProject
Project("{8BB2217D-0F2D-49D1-97BC-3654ED321F3B}") = "ASD6GonzalezAldara", "src\ASD6GonzalezAldara\ASD6GonzalezAldara.xproj", "{91CECDBF-7A51-4BE6-93F5-379F022E32E7}"
EndProject
Global
	GlobalSection(SolutionConfigurationPlatforms) = preSolution
		Debug|Any CPU = Debug|Any CPU
		Release|Any CPU = Release|Any CPU
	EndGlobalSection
	GlobalSection(ProjectConfigurationPlatforms) = postSolution
		{91CECDBF-7A51-4BE6-93F5-379F022E32E7}.Debug|Any CPU.ActiveCfg = Debug|Any CPU
		{91CECDBF-7A51-4BE6-93F5-379F022E32E7}.Debug|Any CPU.Build.0 = Debug|Any CPU
		{91CECDBF-7A51-4BE6-93F5-379F022E32E7}.Release|Any CPU.ActiveCfg = Release|Any CPU
		{91CECDBF-7A51-4BE6-93F5-379F022E32E7}.Release|Any CPU.Build.0 = Release|Any CPU
	EndGlobalSection
	GlobalSection(SolutionProperties) = preSolution
		HideSolutionNode = FALSE
	EndGlobalSection
	GlobalSection(NestedProjects) = preSolution
		{91CECDBF-7A51-4BE6-93F5-379F022E32E7} = {A9AF3201-1EEB-4920-B7C0-C69E60293EED}
	EndGlobalSection
EndGlobal
